
Microsoft Visual Studio Solution File, Format Version 12.00
# Visual Studio Version 16
VisualStudioVersion = 16.0.30204.135
MinimumVisualStudioVersion = 10.0.40219.1
Project("{FAE04EC0-301F-11D3-BF4B-00C04F79EFBC}") = "Textbox-Gridview", "Textbox-Gridview\Textbox-Gridview.csproj", "{40E91D00-8988-4E0B-AA22-E008381F7B25}"
EndProject
Global
	GlobalSection(SolutionConfigurationPlatforms) = preSolution
		Debug|Any CPU = Debug|Any CPU
		Release|Any CPU = Release|Any CPU
	EndGlobalSection
	GlobalSection(ProjectConfigurationPlatforms) = postSolution
		{40E91D00-8988-4E0B-AA22-E008381F7B25}.Debug|Any CPU.ActiveCfg = Debug|Any CPU
		{40E91D00-8988-4E0B-AA22-E008381F7B25}.Debug|Any CPU.Build.0 = Debug|Any CPU
		{40E91D00-8988-4E0B-AA22-E008381F7B25}.Release|Any CPU.ActiveCfg = Release|Any CPU
		{40E91D00-8988-4E0B-AA22-E008381F7B25}.Release|Any CPU.Build.0 = Release|Any CPU
	EndGlobalSection
	GlobalSection(SolutionProperties) = preSolution
		HideSolutionNode = FALSE
	EndGlobalSection
	GlobalSection(ExtensibilityGlobals) = postSolution
		SolutionGuid = {248B4F88-B57C-4BED-83C9-063A27A58C73}
	EndGlobalSection
EndGlobal
